
Microsoft Visual Studio Solution File, Format Version 12.00
# Visual Studio Version 16
VisualStudioVersion = 16.0.29230.61
MinimumVisualStudioVersion = 10.0.40219.1
Project("{9A19103F-16F7-4668-BE54-9A1E7A4F7556}") = "JALLPITABlazor.Server", "JALLPITABlazor\Server\JALLPITABlazor.Server.csproj", "{95808D45-7FA6-4808-85A6-C092FF9942D6}"
EndProject
Project("{9A19103F-16F7-4668-BE54-9A1E7A4F7556}") = "JALLPITABlazor.Client", "JALLPITABlazor\Client\JALLPITABlazor.Client.csproj", "{810019C4-793C-4832-B4A5-0CB3FB70FB7C}"
EndProject
Project("{9A19103F-16F7-4668-BE54-9A1E7A4F7556}") = "JALLPITABlazor.Shared", "JALLPITABlazor\Shared\JALLPITABlazor.Shared.csproj", "{2C7A39B2-E3BE-47E4-B9C3-9F8D5A9E729E}"
EndProject
Global
	GlobalSection(SolutionConfigurationPlatforms) = preSolution
		Debug|Any CPU = Debug|Any CPU
		Release|Any CPU = Release|Any CPU
	EndGlobalSection
	GlobalSection(ProjectConfigurationPlatforms) = postSolution
		{95808D45-7FA6-4808-85A6-C092FF9942D6}.Debug|Any CPU.ActiveCfg = Debug|Any CPU
		{95808D45-7FA6-4808-85A6-C092FF9942D6}.Debug|Any CPU.Build.0 = Debug|Any CPU
		{95808D45-7FA6-4808-85A6-C092FF9942D6}.Release|Any CPU.ActiveCfg = Release|Any CPU
		{95808D45-7FA6-4808-85A6-C092FF9942D6}.Release|Any CPU.Build.0 = Release|Any CPU
		{810019C4-793C-4832-B4A5-0CB3FB70FB7C}.Debug|Any CPU.ActiveCfg = Debug|Any CPU
		{810019C4-793C-4832-B4A5-0CB3FB70FB7C}.Debug|Any CPU.Build.0 = Debug|Any CPU
		{810019C4-793C-4832-B4A5-0CB3FB70FB7C}.Release|Any CPU.ActiveCfg = Release|Any CPU
		{810019C4-793C-4832-B4A5-0CB3FB70FB7C}.Release|Any CPU.Build.0 = Release|Any CPU
		{2C7A39B2-E3BE-47E4-B9C3-9F8D5A9E729E}.Debug|Any CPU.ActiveCfg = Debug|Any CPU
		{2C7A39B2-E3BE-47E4-B9C3-9F8D5A9E729E}.Debug|Any CPU.Build.0 = Debug|Any CPU
		{2C7A39B2-E3BE-47E4-B9C3-9F8D5A9E729E}.Release|Any CPU.ActiveCfg = Release|Any CPU
		{2C7A39B2-E3BE-47E4-B9C3-9F8D5A9E729E}.Release|Any CPU.Build.0 = Release|Any CPU
	EndGlobalSection
	GlobalSection(SolutionProperties) = preSolution
		HideSolutionNode = FALSE
	EndGlobalSection
	GlobalSection(ExtensibilityGlobals) = postSolution
		SolutionGuid = {E1EF3D78-7A11-44A5-AE8B-83B17BD155B6}
	EndGlobalSection
EndGlobal
